
Microsoft Visual Studio Solution File, Format Version 12.00
# Visual Studio Version 17
VisualStudioVersion = 17.14.36221.1 d17.14
MinimumVisualStudioVersion = 10.0.40219.1
Project("{FAE04EC0-301F-11D3-BF4B-00C04F79EFBC}") = "LoginPage", "LoginPage\LoginPage.csproj", "{E751384A-454F-47D5-865E-8BB3EA1A127B}"
EndProject
Global
	GlobalSection(SolutionConfigurationPlatforms) = preSolution
		Debug|Any CPU = Debug|Any CPU
		Release|Any CPU = Release|Any CPU
	EndGlobalSection
	GlobalSection(ProjectConfigurationPlatforms) = postSolution
		{E751384A-454F-47D5-865E-8BB3EA1A127B}.Debug|Any CPU.ActiveCfg = Debug|Any CPU
		{E751384A-454F-47D5-865E-8BB3EA1A127B}.Debug|Any CPU.Build.0 = Debug|Any CPU
		{E751384A-454F-47D5-865E-8BB3EA1A127B}.Release|Any CPU.ActiveCfg = Release|Any CPU
		{E751384A-454F-47D5-865E-8BB3EA1A127B}.Release|Any CPU.Build.0 = Release|Any CPU
	EndGlobalSection
	GlobalSection(SolutionProperties) = preSolution
		HideSolutionNode = FALSE
	EndGlobalSection
	GlobalSection(ExtensibilityGlobals) = postSolution
		SolutionGuid = {4513A434-9635-4EC2-B91C-1BE94E7E6604}
	EndGlobalSection
EndGlobal
